
Microsoft Visual Studio Solution File, Format Version 12.00
# Visual Studio Version 16
VisualStudioVersion = 16.0.29424.173
MinimumVisualStudioVersion = 10.0.40219.1
Project("{FAE04EC0-301F-11D3-BF4B-00C04F79EFBC}") = "SeleniumWebDriver", "SeleniumWebDriver\SeleniumWebDriver.csproj", "{B71C408E-368F-49E1-86A9-99872390D320}"
EndProject
Global
	GlobalSection(SolutionConfigurationPlatforms) = preSolution
		Debug|Any CPU = Debug|Any CPU
		Release|Any CPU = Release|Any CPU
	EndGlobalSection
	GlobalSection(ProjectConfigurationPlatforms) = postSolution
		{B71C408E-368F-49E1-86A9-99872390D320}.Debug|Any CPU.ActiveCfg = Debug|Any CPU
		{B71C408E-368F-49E1-86A9-99872390D320}.Debug|Any CPU.Build.0 = Debug|Any CPU
		{B71C408E-368F-49E1-86A9-99872390D320}.Release|Any CPU.ActiveCfg = Release|Any CPU
		{B71C408E-368F-49E1-86A9-99872390D320}.Release|Any CPU.Build.0 = Release|Any CPU
	EndGlobalSection
	GlobalSection(SolutionProperties) = preSolution
		HideSolutionNode = FALSE
	EndGlobalSection
	GlobalSection(ExtensibilityGlobals) = postSolution
		SolutionGuid = {885EC16E-37C7-4B22-85BD-34D00E60348E}
	EndGlobalSection
EndGlobal
