
Microsoft Visual Studio Solution File, Format Version 12.00
# Visual Studio Version 16
VisualStudioVersion = 16.0.28803.452
MinimumVisualStudioVersion = 10.0.40219.1
Project("{FAE04EC0-301F-11D3-BF4B-00C04F79EFBC}") = "Triangles", "Triangles\Triangles.csproj", "{D9E5D6F5-9BC1-453A-A34A-6B0E19ED1B7D}"
EndProject
Project("{FAE04EC0-301F-11D3-BF4B-00C04F79EFBC}") = "TrianglesTest", "TrianglesTest\TrianglesTest.csproj", "{7AB000E2-C6EF-4FEC-9F3D-886C67BC59CC}"
EndProject
Global
	GlobalSection(SolutionConfigurationPlatforms) = preSolution
		Debug|Any CPU = Debug|Any CPU
		Release|Any CPU = Release|Any CPU
	EndGlobalSection
	GlobalSection(ProjectConfigurationPlatforms) = postSolution
		{D9E5D6F5-9BC1-453A-A34A-6B0E19ED1B7D}.Debug|Any CPU.ActiveCfg = Debug|Any CPU
		{D9E5D6F5-9BC1-453A-A34A-6B0E19ED1B7D}.Debug|Any CPU.Build.0 = Debug|Any CPU
		{D9E5D6F5-9BC1-453A-A34A-6B0E19ED1B7D}.Release|Any CPU.ActiveCfg = Release|Any CPU
		{D9E5D6F5-9BC1-453A-A34A-6B0E19ED1B7D}.Release|Any CPU.Build.0 = Release|Any CPU
		{7AB000E2-C6EF-4FEC-9F3D-886C67BC59CC}.Debug|Any CPU.ActiveCfg = Debug|Any CPU
		{7AB000E2-C6EF-4FEC-9F3D-886C67BC59CC}.Debug|Any CPU.Build.0 = Debug|Any CPU
		{7AB000E2-C6EF-4FEC-9F3D-886C67BC59CC}.Release|Any CPU.ActiveCfg = Release|Any CPU
		{7AB000E2-C6EF-4FEC-9F3D-886C67BC59CC}.Release|Any CPU.Build.0 = Release|Any CPU
	EndGlobalSection
	GlobalSection(SolutionProperties) = preSolution
		HideSolutionNode = FALSE
	EndGlobalSection
	GlobalSection(ExtensibilityGlobals) = postSolution
		SolutionGuid = {6B2D16B8-58EC-441A-8B19-B63BCE52CD0D}
	EndGlobalSection
EndGlobal
